// !$*UTF8*$!
{
	archiveVersion = 1;
	classes = {
	};
	objectVersion = 50;
	objects = {

/* Begin PBXBuildFile section */
		743CC9FB551BF5E72A133FA5 /* Pods_Emplate.framework in Frameworks */ = {isa = PBXBuildFile; fileRef = 909CF03C5F5DA4138B110541 /* Pods_Emplate.framework */; };
		DEA02EEE23B23CD00078222E /* AppDelegate.swift in Sources */ = {isa = PBXBuildFile; fileRef = DEA02EED23B23CD00078222E /* AppDelegate.swift */; };
		DEA02EF023B23CD00078222E /* SceneDelegate.swift in Sources */ = {isa = PBXBuildFile; fileRef = DEA02EEF23B23CD00078222E /* SceneDelegate.swift */; };
		DEA02EF223B23CD00078222E /* ViewController.swift in Sources */ = {isa = PBXBuildFile; fileRef = DEA02EF123B23CD00078222E /* ViewController.swift */; };
		DEA02EF523B23CD00078222E /* Main.storyboard in Resources */ = {isa = PBXBuildFile; fileRef = DEA02EF323B23CD00078222E /* Main.storyboard */; };
		DEA02EF723B23CD00078222E /* Assets.xcassets in Resources */ = {isa = PBXBuildFile; fileRef = DEA02EF623B23CD00078222E /* Assets.xcassets */; };
		DEA02EFA23B23CD00078222E /* LaunchScreen.storyboard in Resources */ = {isa = PBXBuildFile; fileRef = DEA02EF823B23CD00078222E /* LaunchScreen.storyboard */; };
/* End PBXBuildFile section */

/* Begin PBXFileReference section */
		731683E8DE09D02C244FF994 /* Pods-Emplate.release.xcconfig */ = {isa = PBXFileReference; includeInIndex = 1; lastKnownFileType = text.xcconfig; name = "Pods-Emplate.release.xcconfig"; path = "Target Support Files/Pods-Emplate/Pods-Emplate.release.xcconfig"; sourceTree = "<group>"; };
		909CF03C5F5DA4138B110541 /* Pods_Emplate.framework */ = {isa = PBXFileReference; explicitFileType = wrapper.framework; includeInIndex = 0; path = Pods_Emplate.framework; sourceTree = BUILT_PRODUCTS_DIR; };
		DD61101D2C3F4FAEAEF9E5F5 /* Pods-Emplate.debug.xcconfig */ = {isa = PBXFileReference; includeInIndex = 1; lastKnownFileType = text.xcconfig; name = "Pods-Emplate.debug.xcconfig"; path = "Target Support Files/Pods-Emplate/Pods-Emplate.debug.xcconfig"; sourceTree = "<group>"; };
		DEA02EEA23B23CD00078222E /* Emplate.app */ = {isa = PBXFileReference; explicitFileType = wrapper.application; includeInIndex = 0; path = Emplate.app; sourceTree = BUILT_PRODUCTS_DIR; };
		DEA02EED23B23CD00078222E /* AppDelegate.swift */ = {isa = PBXFileReference; lastKnownFileType = sourcecode.swift; path = AppDelegate.swift; sourceTree = "<group>"; };
		DEA02EEF23B23CD00078222E /* SceneDelegate.swift */ = {isa = PBXFileReference; lastKnownFileType = sourcecode.swift; path = SceneDelegate.swift; sourceTree = "<group>"; };
		DEA02EF123B23CD00078222E /* ViewController.swift */ = {isa = PBXFileReference; lastKnownFileType = sourcecode.swift; path = ViewController.swift; sourceTree = "<group>"; };
		DEA02EF423B23CD00078222E /* Base */ = {isa = PBXFileReference; lastKnownFileType = file.storyboard; name = Base; path = Base.lproj/Main.storyboard; sourceTree = "<group>"; };
		DEA02EF623B23CD00078222E /* Assets.xcassets */ = {isa = PBXFileReference; lastKnownFileType = folder.assetcatalog; path = Assets.xcassets; sourceTree = "<group>"; };
		DEA02EF923B23CD00078222E /* Base */ = {isa = PBXFileReference; lastKnownFileType = file.storyboard; name = Base; path = Base.lproj/LaunchScreen.storyboard; sourceTree = "<group>"; };
		DEA02EFB23B23CD00078222E /* Info.plist */ = {isa = PBXFileReference; lastKnownFileType = text.plist.xml; path = Info.plist; sourceTree = "<group>"; };
/* End PBXFileReference section */

/* Begin PBXFrameworksBuildPhase section */
		DEA02EE723B23CD00078222E /* Frameworks */ = {
			isa = PBXFrameworksBuildPhase;
			buildActionMask = 2147483647;
			files = (
				743CC9FB551BF5E72A133FA5 /* Pods_Emplate.framework in Frameworks */,
			);
			runOnlyForDeploymentPostprocessing = 0;
		};
/* End PBXFrameworksBuildPhase section */

/* Begin PBXGroup section */
		98B72BAEF6C267C33D818527 /* Pods */ = {
			isa = PBXGroup;
			children = (
				DD61101D2C3F4FAEAEF9E5F5 /* Pods-Emplate.debug.xcconfig */,
				731683E8DE09D02C244FF994 /* Pods-Emplate.release.xcconfig */,
			);
			name = Pods;
			path = Pods;
			sourceTree = "<group>";
		};
		B3A103DE0F4ABE67392B1E56 /* Frameworks */ = {
			isa = PBXGroup;
			children = (
				909CF03C5F5DA4138B110541 /* Pods_Emplate.framework */,
			);
			name = Frameworks;
			sourceTree = "<group>";
		};
		DEA02EE123B23CD00078222E = {
			isa = PBXGroup;
			children = (
				DEA02EEC23B23CD00078222E /* Emplate */,
				DEA02EEB23B23CD00078222E /* Products */,
				98B72BAEF6C267C33D818527 /* Pods */,
				B3A103DE0F4ABE67392B1E56 /* Frameworks */,
			);
			sourceTree = "<group>";
		};
		DEA02EEB23B23CD00078222E /* Products */ = {
			isa = PBXGroup;
			children = (
				DEA02EEA23B23CD00078222E /* Emplate.app */,
			);
			name = Products;
			sourceTree = "<group>";
		};
		DEA02EEC23B23CD00078222E /* Emplate */ = {
			isa = PBXGroup;
			children = (
				DEA02EED23B23CD00078222E /* AppDelegate.swift */,
				DEA02EEF23B23CD00078222E /* SceneDelegate.swift */,
				DEA02EF123B23CD00078222E /* ViewController.swift */,
				DEA02EF323B23CD00078222E /* Main.storyboard */,
				DEA02EF623B23CD00078222E /* Assets.xcassets */,
				DEA02EF823B23CD00078222E /* LaunchScreen.storyboard */,
				DEA02EFB23B23CD00078222E /* Info.plist */,
			);
			path = Emplate;
			sourceTree = "<group>";
		};
/* End PBXGroup section */

/* Begin PBXNativeTarget section */
		DEA02EE923B23CD00078222E /* Emplate */ = {
			isa = PBXNativeTarget;
			buildConfigurationList = DEA02EFE23B23CD00078222E /* Build configuration list for PBXNativeTarget "Emplate" */;
			buildPhases = (
				DD1270EDEA919432BB17E040 /* [CP] Check Pods Manifest.lock */,
				DEA02EE623B23CD00078222E /* Sources */,
				DEA02EE723B23CD00078222E /* Frameworks */,
				DEA02EE823B23CD00078222E /* Resources */,
				344D6ACC1F8879991B2481CB /* [CP] Embed Pods Frameworks */,
			);
			buildRules = (
			);
			dependencies = (
			);
			name = Emplate;
			productName = Emplate;
			productReference = DEA02EEA23B23CD00078222E /* Emplate.app */;
			productType = "com.apple.product-type.application";
		};
/* End PBXNativeTarget section */

/* Begin PBXProject section */
		DEA02EE223B23CD00078222E /* Project object */ = {
			isa = PBXProject;
			attributes = {
				LastSwiftUpdateCheck = 1110;
				LastUpgradeCheck = 1110;
				ORGANIZATIONNAME = "Ahmed Madian";
				TargetAttributes = {
					DEA02EE923B23CD00078222E = {
						CreatedOnToolsVersion = 11.1;
					};
				};
			};
			buildConfigurationList = DEA02EE523B23CD00078222E /* Build configuration list for PBXProject "Emplate" */;
			compatibilityVersion = "Xcode 9.3";
			developmentRegion = en;
			hasScannedForEncodings = 0;
			knownRegions = (
				en,
				Base,
			);
			mainGroup = DEA02EE123B23CD00078222E;
			productRefGroup = DEA02EEB23B23CD00078222E /* Products */;
			projectDirPath = "";
			projectRoot = "";
			targets = (
				DEA02EE923B23CD00078222E /* Emplate */,
			);
		};
/* End PBXProject section */

/* Begin PBXResourcesBuildPhase section */
		DEA02EE823B23CD00078222E /* Resources */ = {
			isa = PBXResourcesBuildPhase;
			buildActionMask = 2147483647;
			files = (
				DEA02EFA23B23CD00078222E /* LaunchScreen.storyboard in Resources */,
				DEA02EF723B23CD00078222E /* Assets.xcassets in Resources */,
				DEA02EF523B23CD00078222E /* Main.storyboard in Resources */,
			);
			runOnlyForDeploymentPostprocessing = 0;
		};
/* End PBXResourcesBuildPhase section */

/* Begin PBXShellScriptBuildPhase section */
		344D6ACC1F8879991B2481CB /* [CP] Embed Pods Frameworks */ = {
			isa = PBXShellScriptBuildPhase;
			buildActionMask = 2147483647;
			files = (
			);
			inputFileListPaths = (
				"${PODS_ROOT}/Target Support Files/Pods-Emplate/Pods-Emplate-frameworks-${CONFIGURATION}-input-files.xcfilelist",
			);
			name = "[CP] Embed Pods Frameworks";
			outputFileListPaths = (
				"${PODS_ROOT}/Target Support Files/Pods-Emplate/Pods-Emplate-frameworks-${CONFIGURATION}-output-files.xcfilelist",
			);
			runOnlyForDeploymentPostprocessing = 0;
			shellPath = /bin/sh;
			shellScript = "\"${PODS_ROOT}/Target Support Files/Pods-Emplate/Pods-Emplate-frameworks.sh\"\n";
			showEnvVarsInLog = 0;
		};
		DD1270EDEA919432BB17E040 /* [CP] Check Pods Manifest.lock */ = {
			isa = PBXShellScriptBuildPhase;
			buildActionMask = 2147483647;
			files = (
			);
			inputFileListPaths = (
			);
			inputPaths = (
				"${PODS_PODFILE_DIR_PATH}/Podfile.lock",
				"${PODS_ROOT}/Manifest.lock",
			);
			name = "[CP] Check Pods Manifest.lock";
			outputFileListPaths = (
			);
			outputPaths = (
				"$(DERIVED_FILE_DIR)/Pods-Emplate-checkManifestLockResult.txt",
			);
			runOnlyForDeploymentPostprocessing = 0;
			shellPath = /bin/sh;
			shellScript = "diff \"${PODS_PODFILE_DIR_PATH}/Podfile.lock\" \"${PODS_ROOT}/Manifest.lock\" > /dev/null\nif [ $? != 0 ] ; then\n    # print error to STDERR\n    echo \"error: The sandbox is not in sync with the Podfile.lock. Run 'pod install' or update your CocoaPods installation.\" >&2\n    exit 1\nfi\n# This output is used by Xcode 'outputs' to avoid re-running this script phase.\necho \"SUCCESS\" > \"${SCRIPT_OUTPUT_FILE_0}\"\n";
			showEnvVarsInLog = 0;
		};
/* End PBXShellScriptBuildPhase section */

/* Begin PBXSourcesBuildPhase section */
		DEA02EE623B23CD00078222E /* Sources */ = {
			isa = PBXSourcesBuildPhase;
			buildActionMask = 2147483647;
			files = (
				DEA02EF223B23CD00078222E /* ViewController.swift in Sources */,
				DEA02EEE23B23CD00078222E /* AppDelegate.swift in Sources */,
				DEA02EF023B23CD00078222E /* SceneDelegate.swift in Sources */,
			);
			runOnlyForDeploymentPostprocessing = 0;
		};
/* End PBXSourcesBuildPhase section */

/* Begin PBXVariantGroup section */
		DEA02EF323B23CD00078222E /* Main.storyboard */ = {
			isa = PBXVariantGroup;
			children = (
				DEA02EF423B23CD00078222E /* Base */,
			);
			name = Main.storyboard;
			sourceTree = "<group>";
		};
		DEA02EF823B23CD00078222E /* LaunchScreen.storyboard */ = {
			isa = PBXVariantGroup;
			children = (
				DEA02EF923B23CD00078222E /* Base */,
			);
			name = LaunchScreen.storyboard;
			sourceTree = "<group>";
		};
/* End PBXVariantGroup section */

/* Begin XCBuildConfiguration section */
		DEA02EFC23B23CD00078222E /* Debug */ = {
			isa = XCBuildConfiguration;
			buildSettings = {
				ALWAYS_SEARCH_USER_PATHS = NO;
				CLANG_ANALYZER_NONNULL = YES;
				CLANG_ANALYZER_NUMBER_OBJECT_CONVERSION = YES_AGGRESSIVE;
				CLANG_CXX_LANGUAGE_STANDARD = "gnu++14";
				CLANG_CXX_LIBRARY = "libc++";
				CLANG_ENABLE_MODULES = YES;
				CLANG_ENABLE_OBJC_ARC = YES;
				CLANG_ENABLE_OBJC_WEAK = YES;
				CLANG_WARN_BLOCK_CAPTURE_AUTORELEASING = YES;
				CLANG_WARN_BOOL_CONVERSION = YES;
				CLANG_WARN_COMMA = YES;
				CLANG_WARN_CONSTANT_CONVERSION = YES;
				CLANG_WARN_DEPRECATED_OBJC_IMPLEMENTATIONS = YES;
				CLANG_WARN_DIRECT_OBJC_ISA_USAGE = YES_ERROR;
				CLANG_WARN_DOCUMENTATION_COMMENTS = YES;
				CLANG_WARN_EMPTY_BODY = YES;
				CLANG_WARN_ENUM_CONVERSION = YES;
				CLANG_WARN_INFINITE_RECURSION = YES;
				CLANG_WARN_INT_CONVERSION = YES;
				CLANG_WARN_NON_LITERAL_NULL_CONVERSION = YES;
				CLANG_WARN_OBJC_IMPLICIT_RETAIN_SELF = YES;
				CLANG_WARN_OBJC_LITERAL_CONVERSION = YES;
				CLANG_WARN_OBJC_ROOT_CLASS = YES_ERROR;
				CLANG_WARN_RANGE_LOOP_ANALYSIS = YES;
				CLANG_WARN_STRICT_PROTOTYPES = YES;
				CLANG_WARN_SUSPICIOUS_MOVE = YES;
				CLANG_WARN_UNGUARDED_AVAILABILITY = YES_AGGRESSIVE;
				CLANG_WARN_UNREACHABLE_CODE = YES;
				CLANG_WARN__DUPLICATE_METHOD_MATCH = YES;
				COPY_PHASE_STRIP = NO;
				DEBUG_INFORMATION_FORMAT = dwarf;
				ENABLE_STRICT_OBJC_MSGSEND = YES;
				ENABLE_TESTABILITY = YES;
				GCC_C_LANGUAGE_STANDARD = gnu11;
				GCC_DYNAMIC_NO_PIC = NO;
				GCC_NO_COMMON_BLOCKS = YES;
				GCC_OPTIMIZATION_LEVEL = 0;
				GCC_PREPROCESSOR_DEFINITIONS = (
					"DEBUG=1",
					"$(inherited)",
				);
				GCC_WARN_64_TO_32_BIT_CONVERSION = YES;
				GCC_WARN_ABOUT_RETURN_TYPE = YES_ERROR;
				GCC_WARN_UNDECLARED_SELECTOR = YES;
				GCC_WARN_UNINITIALIZED_AUTOS = YES_AGGRESSIVE;
				GCC_WARN_UNUSED_FUNCTION = YES;
				GCC_WARN_UNUSED_VARIABLE = YES;
				IPHONEOS_DEPLOYMENT_TARGET = 13.1;
				MTL_ENABLE_DEBUG_INFO = INCLUDE_SOURCE;
				MTL_FAST_MATH = YES;
				ONLY_ACTIVE_ARCH = YES;
				SDKROOT = iphoneos;
				SWIFT_ACTIVE_COMPILATION_CONDITIONS = DEBUG;
				SWIFT_OPTIMIZATION_LEVEL = "-Onone";
			};
			name = Debug;
		};
		DEA02EFD23B23CD00078222E /* Release */ = {
			isa = XCBuildConfiguration;
			buildSettings = {
				ALWAYS_SEARCH_USER_PATHS = NO;
				CLANG_ANALYZER_NONNULL = YES;
				CLANG_ANALYZER_NUMBER_OBJECT_CONVERSION = YES_AGGRESSIVE;
				CLANG_CXX_LANGUAGE_STANDARD = "gnu++14";
				CLANG_CXX_LIBRARY = "libc++";
				CLANG_ENABLE_MODULES = YES;
				CLANG_ENABLE_OBJC_ARC = YES;
				CLANG_ENABLE_OBJC_WEAK = YES;
				CLANG_WARN_BLOCK_CAPTURE_AUTORELEASING = YES;
				CLANG_WARN_BOOL_CONVERSION = YES;
				CLANG_WARN_COMMA = YES;
				CLANG_WARN_CONSTANT_CONVERSION = YES;
				CLANG_WARN_DEPRECATED_OBJC_IMPLEMENTATIONS = YES;
				CLANG_WARN_DIRECT_OBJC_ISA_USAGE = YES_ERROR;
				CLANG_WARN_DOCUMENTATION_COMMENTS = YES;
				CLANG_WARN_EMPTY_BODY = YES;
				CLANG_WARN_ENUM_CONVERSION = YES;
				CLANG_WARN_INFINITE_RECURSION = YES;
				CLANG_WARN_INT_CONVERSION = YES;
				CLANG_WARN_NON_LITERAL_NULL_CONVERSION = YES;
				CLANG_WARN_OBJC_IMPLICIT_RETAIN_SELF = YES;
				CLANG_WARN_OBJC_LITERAL_CONVERSION = YES;
				CLANG_WARN_OBJC_ROOT_CLASS = YES_ERROR;
				CLANG_WARN_RANGE_LOOP_ANALYSIS = YES;
				CLANG_WARN_STRICT_PROTOTYPES = YES;
				CLANG_WARN_SUSPICIOUS_MOVE = YES;
				CLANG_WARN_UNGUARDED_AVAILABILITY = YES_AGGRESSIVE;
				CLANG_WARN_UNREACHABLE_CODE = YES;
				CLANG_WARN__DUPLICATE_METHOD_MATCH = YES;
				COPY_PHASE_STRIP = NO;
				DEBUG_INFORMATION_FORMAT = "dwarf-with-dsym";
				ENABLE_NS_ASSERTIONS = NO;
				ENABLE_STRICT_OBJC_MSGSEND = YES;
				GCC_C_LANGUAGE_STANDARD = gnu11;
				GCC_NO_COMMON_BLOCKS = YES;
				GCC_WARN_64_TO_32_BIT_CONVERSION = YES;
				GCC_WARN_ABOUT_RETURN_TYPE = YES_ERROR;
				GCC_WARN_UNDECLARED_SELECTOR = YES;
				GCC_WARN_UNINITIALIZED_AUTOS = YES_AGGRESSIVE;
				GCC_WARN_UNUSED_FUNCTION = YES;
				GCC_WARN_UNUSED_VARIABLE = YES;
				IPHONEOS_DEPLOYMENT_TARGET = 13.1;
				MTL_ENABLE_DEBUG_INFO = NO;
				MTL_FAST_MATH = YES;
				SDKROOT = iphoneos;
				SWIFT_COMPILATION_MODE = wholemodule;
				SWIFT_OPTIMIZATION_LEVEL = "-O";
				VALIDATE_PRODUCT = YES;
			};
			name = Release;
		};
		DEA02EFF23B23CD00078222E /* Debug */ = {
			isa = XCBuildConfiguration;
			baseConfigurationReference = DD61101D2C3F4FAEAEF9E5F5 /* Pods-Emplate.debug.xcconfig */;
			buildSettings = {
				ASSETCATALOG_COMPILER_APPICON_NAME = AppIcon;
				CODE_SIGN_STYLE = Automatic;
				INFOPLIST_FILE = Emplate/Info.plist;
				LD_RUNPATH_SEARCH_PATHS = (
					"$(inherited)",
					"@executable_path/Frameworks",
				);
				PRODUCT_BUNDLE_IDENTIFIER = com.madian.Emplate;
				PRODUCT_NAME = "$(TARGET_NAME)";
				SWIFT_VERSION = 5.0;
				TARGETED_DEVICE_FAMILY = "1,2";
			};
			name = Debug;
		};
		DEA02F0023B23CD00078222E /* Release */ = {
			isa = XCBuildConfiguration;
			baseConfigurationReference = 731683E8DE09D02C244FF994 /* Pods-Emplate.release.xcconfig */;
			buildSettings = {
				ASSETCATALOG_COMPILER_APPICON_NAME = AppIcon;
				CODE_SIGN_STYLE = Automatic;
				INFOPLIST_FILE = Emplate/Info.plist;
				LD_RUNPATH_SEARCH_PATHS = (
					"$(inherited)",
					"@executable_path/Frameworks",
				);
				PRODUCT_BUNDLE_IDENTIFIER = com.madian.Emplate;
				PRODUCT_NAME = "$(TARGET_NAME)";
				SWIFT_VERSION = 5.0;
				TARGETED_DEVICE_FAMILY = "1,2";
			};
			name = Release;
		};
/* End XCBuildConfiguration section */

/* Begin XCConfigurationList section */
		DEA02EE523B23CD00078222E /* Build configuration list for PBXProject "Emplate" */ = {
			isa = XCConfigurationList;
			buildConfigurations = (
				DEA02EFC23B23CD00078222E /* Debug */,
				DEA02EFD23B23CD00078222E /* Release */,
			);
			defaultConfigurationIsVisible = 0;
			defaultConfigurationName = Release;
		};
		DEA02EFE23B23CD00078222E /* Build configuration list for PBXNativeTarget "Emplate" */ = {
			isa = XCConfigurationList;
			buildConfigurations = (
				DEA02EFF23B23CD00078222E /* Debug */,
				DEA02F0023B23CD00078222E /* Release */,
			);
			defaultConfigurationIsVisible = 0;
			defaultConfigurationName = Release;
		};
/* End XCConfigurationList section */
	};
	rootObject = DEA02EE223B23CD00078222E /* Project object */;
}
